// !$*UTF8*$!
{
	archiveVersion = 1;
	classes = {
	};
	objectVersion = 77;
	objects = {

/* Begin PBXBuildFile section */
		07630383A478BF458A31EEE0 /* Agent.swift in Sources */ = {isa = PBXBuildFile; fileRef = 806A2F8B6718157A1FF4222F /* Agent.swift */; };
		34CA53FC8671EC7414E35EFC /* AgentListView.swift in Sources */ = {isa = PBXBuildFile; fileRef = 20F4AAE03EEC4793F461CD4B /* AgentListView.swift */; };
		3A5C1B5F2EECEA55EE84142D /* ApprovalView.swift in Sources */ = {isa = PBXBuildFile; fileRef = 1D88EEA6CC5261ED7B72B8F1 /* ApprovalView.swift */; };
		4F3F29A665D53D56C66BB40A /* RelayConnection.swift in Sources */ = {isa = PBXBuildFile; fileRef = E062C421D2DDCF2FE7FCCA13 /* RelayConnection.swift */; };
		6E9EEC03296AC35411AACEB6 /* HerdiApp.swift in Sources */ = {isa = PBXBuildFile; fileRef = ABA323EA8BE5472CB088D16A /* HerdiApp.swift */; };
		857377E27CD6FB90586BDA37 /* SettingsView.swift in Sources */ = {isa = PBXBuildFile; fileRef = 152ED78024B1B235CFEDC2F4 /* SettingsView.swift */; };
/* End PBXBuildFile section */

/* Begin PBXFileReference section */
		152ED78024B1B235CFEDC2F4 /* SettingsView.swift */ = {isa = PBXFileReference; lastKnownFileType = sourcecode.swift; path = SettingsView.swift; sourceTree = "<group>"; };
		1D88EEA6CC5261ED7B72B8F1 /* ApprovalView.swift */ = {isa = PBXFileReference; lastKnownFileType = sourcecode.swift; path = ApprovalView.swift; sourceTree = "<group>"; };
		20F4AAE03EEC4793F461CD4B /* AgentListView.swift */ = {isa = PBXFileReference; lastKnownFileType = sourcecode.swift; path = AgentListView.swift; sourceTree = "<group>"; };
		806A2F8B6718157A1FF4222F /* Agent.swift */ = {isa = PBXFileReference; lastKnownFileType = sourcecode.swift; path = Agent.swift; sourceTree = "<group>"; };
		ABA323EA8BE5472CB088D16A /* HerdiApp.swift */ = {isa = PBXFileReference; lastKnownFileType = sourcecode.swift; path = HerdiApp.swift; sourceTree = "<group>"; };
		D014A68D6F9C98ED18139A7D /* Herdi.app */ = {isa = PBXFileReference; includeInIndex = 0; lastKnownFileType = wrapper.application; path = Herdi.app; sourceTree = BUILT_PRODUCTS_DIR; };
		E062C421D2DDCF2FE7FCCA13 /* RelayConnection.swift */ = {isa = PBXFileReference; lastKnownFileType = sourcecode.swift; path = RelayConnection.swift; sourceTree = "<group>"; };
		FDCAF4F9B7C580C2B742FF53 /* Info.plist */ = {isa = PBXFileReference; lastKnownFileType = text.plist; path = Info.plist; sourceTree = "<group>"; };
/* End PBXFileReference section */

/* Begin PBXGroup section */
		090D1C7627505F39CF27970D /* Views */ = {
			isa = PBXGroup;
			children = (
				20F4AAE03EEC4793F461CD4B /* AgentListView.swift */,
				1D88EEA6CC5261ED7B72B8F1 /* ApprovalView.swift */,
				152ED78024B1B235CFEDC2F4 /* SettingsView.swift */,
			);
			path = Views;
			sourceTree = "<group>";
		};
		48188E7315A33686B68DA8E0 /* Products */ = {
			isa = PBXGroup;
			children = (
				D014A68D6F9C98ED18139A7D /* Herdi.app */,
			);
			name = Products;
			sourceTree = "<group>";
		};
		5B4BB80A3427F437E06F8551 /* Services */ = {
			isa = PBXGroup;
			children = (
				E062C421D2DDCF2FE7FCCA13 /* RelayConnection.swift */,
			);
			path = Services;
			sourceTree = "<group>";
		};
		7792E9A4B3FC5F0D0A22FEC4 /* Models */ = {
			isa = PBXGroup;
			children = (
				806A2F8B6718157A1FF4222F /* Agent.swift */,
			);
			path = Models;
			sourceTree = "<group>";
		};
		7882C44117558D138D2EDEFD /* Sources */ = {
			isa = PBXGroup;
			children = (
				ABA323EA8BE5472CB088D16A /* HerdiApp.swift */,
				FDCAF4F9B7C580C2B742FF53 /* Info.plist */,
				7792E9A4B3FC5F0D0A22FEC4 /* Models */,
				5B4BB80A3427F437E06F8551 /* Services */,
				090D1C7627505F39CF27970D /* Views */,
			);
			path = Sources;
			sourceTree = "<group>";
		};
		F7FBDAF5F69A3615D3E175FA = {
			isa = PBXGroup;
			children = (
				7882C44117558D138D2EDEFD /* Sources */,
				48188E7315A33686B68DA8E0 /* Products */,
			);
			sourceTree = "<group>";
		};
/* End PBXGroup section */

/* Begin PBXNativeTarget section */
		7DC55FAFD463FA6AEF13E6A2 /* Herdi */ = {
			isa = PBXNativeTarget;
			buildConfigurationList = AB5A6798762BB5AC51772127 /* Build configuration list for PBXNativeTarget "Herdi" */;
			buildPhases = (
				AA5D9B5CACD21791EA1DBDEA /* Sources */,
			);
			buildRules = (
			);
			dependencies = (
			);
			name = Herdi;
			packageProductDependencies = (
			);
			productName = Herdi;
			productReference = D014A68D6F9C98ED18139A7D /* Herdi.app */;
			productType = "com.apple.product-type.application";
		};
/* End PBXNativeTarget section */

/* Begin PBXProject section */
		09153EE9F2F50234B35FCF73 /* Project object */ = {
			isa = PBXProject;
			attributes = {
				BuildIndependentTargetsInParallel = YES;
				LastUpgradeCheck = 1600;
				TargetAttributes = {
					7DC55FAFD463FA6AEF13E6A2 = {
						DevelopmentTeam = "";
					};
				};
			};
			buildConfigurationList = F5F5D8B7C61D3FAB724AF3E3 /* Build configuration list for PBXProject "Herdi" */;
			developmentRegion = en;
			hasScannedForEncodings = 0;
			knownRegions = (
				Base,
				en,
			);
			mainGroup = F7FBDAF5F69A3615D3E175FA;
			minimizedProjectReferenceProxies = 1;
			preferredProjectObjectVersion = 77;
			productRefGroup = 48188E7315A33686B68DA8E0 /* Products */;
			projectDirPath = "";
			projectRoot = "";
			targets = (
				7DC55FAFD463FA6AEF13E6A2 /* Herdi */,
			);
		};
/* End PBXProject section */

/* Begin PBXSourcesBuildPhase section */
		AA5D9B5CACD21791EA1DBDEA /* Sources */ = {
			isa = PBXSourcesBuildPhase;
			buildActionMask = 2147483647;
			files = (
				07630383A478BF458A31EEE0 /* Agent.swift in Sources */,
				34CA53FC8671EC7414E35EFC /* AgentListView.swift in Sources */,
				3A5C1B5F2EECEA55EE84142D /* ApprovalView.swift in Sources */,
				6E9EEC03296AC35411AACEB6 /* HerdiApp.swift in Sources */,
				4F3F29A665D53D56C66BB40A /* RelayConnection.swift in Sources */,
				857377E27CD6FB90586BDA37 /* SettingsView.swift in Sources */,
			);
			runOnlyForDeploymentPostprocessing = 0;
		};
/* End PBXSourcesBuildPhase section */

/* Begin XCBuildConfiguration section */
		23AB4CA2F0D9EB1A4248AF06 /* Debug */ = {
			isa = XCBuildConfiguration;
			buildSettings = {
				ALWAYS_SEARCH_USER_PATHS = NO;
				CLANG_ANALYZER_NONNULL = YES;
				CLANG_ANALYZER_NUMBER_OBJECT_CONVERSION = YES_AGGRESSIVE;
				CLANG_CXX_LANGUAGE_STANDARD = "gnu++14";
				CLANG_CXX_LIBRARY = "libc++";
				CLANG_ENABLE_MODULES = YES;
				CLANG_ENABLE_OBJC_ARC = YES;
				CLANG_ENABLE_OBJC_WEAK = YES;
				CLANG_WARN_BLOCK_CAPTURE_AUTORELEASING = YES;
				CLANG_WARN_BOOL_CONVERSION = YES;
				CLANG_WARN_COMMA = YES;
				CLANG_WARN_CONSTANT_CONVERSION = YES;
				CLANG_WARN_DEPRECATED_OBJC_IMPLEMENTATIONS = YES;
				CLANG_WARN_DIRECT_OBJC_ISA_USAGE = YES_ERROR;
				CLANG_WARN_DOCUMENTATION_COMMENTS = YES;
				CLANG_WARN_EMPTY_BODY = YES;
				CLANG_WARN_ENUM_CONVERSION = YES;
				CLANG_WARN_INFINITE_RECURSION = YES;
				CLANG_WARN_INT_CONVERSION = YES;
				CLANG_WARN_NON_LITERAL_NULL_CONVERSION = YES;
				CLANG_WARN_OBJC_IMPLICIT_RETAIN_SELF = YES;
				CLANG_WARN_OBJC_LITERAL_CONVERSION = YES;
				CLANG_WARN_OBJC_ROOT_CLASS = YES_ERROR;
				CLANG_WARN_QUOTED_INCLUDE_IN_FRAMEWORK_HEADER = YES;
				CLANG_WARN_RANGE_LOOP_ANALYSIS = YES;
				CLANG_WARN_STRICT_PROTOTYPES = YES;
				CLANG_WARN_SUSPICIOUS_MOVE = YES;
				CLANG_WARN_UNGUARDED_AVAILABILITY = YES_AGGRESSIVE;
				CLANG_WARN_UNREACHABLE_CODE = YES;
				CLANG_WARN__DUPLICATE_METHOD_MATCH = YES;
				COPY_PHASE_STRIP = NO;
				DEBUG_INFORMATION_FORMAT = dwarf;
				ENABLE_STRICT_OBJC_MSGSEND = YES;
				ENABLE_TESTABILITY = YES;
				GCC_C_LANGUAGE_STANDARD = gnu11;
				GCC_DYNAMIC_NO_PIC = NO;
				GCC_NO_COMMON_BLOCKS = YES;
				GCC_OPTIMIZATION_LEVEL = 0;
				GCC_PREPROCESSOR_DEFINITIONS = (
					"$(inherited)",
					"DEBUG=1",
				);
				GCC_WARN_64_TO_32_BIT_CONVERSION = YES;
				GCC_WARN_ABOUT_RETURN_TYPE = YES_ERROR;
				GCC_WARN_UNDECLARED_SELECTOR = YES;
				GCC_WARN_UNINITIALIZED_AUTOS = YES_AGGRESSIVE;
				GCC_WARN_UNUSED_FUNCTION = YES;
				GCC_WARN_UNUSED_VARIABLE = YES;
				IPHONEOS_DEPLOYMENT_TARGET = 17.0;
				MTL_ENABLE_DEBUG_INFO = INCLUDE_SOURCE;
				MTL_FAST_MATH = YES;
				ONLY_ACTIVE_ARCH = YES;
				PRODUCT_NAME = "$(TARGET_NAME)";
				SDKROOT = iphoneos;
				SWIFT_ACTIVE_COMPILATION_CONDITIONS = DEBUG;
				SWIFT_OPTIMIZATION_LEVEL = "-Onone";
				SWIFT_VERSION = 5.0;
			};
			name = Debug;
		};
		65994080AF7CB9671DAD277D /* Debug */ = {
			isa = XCBuildConfiguration;
			buildSettings = {
				ASSETCATALOG_COMPILER_APPICON_NAME = AppIcon;
				CODE_SIGN_IDENTITY = "iPhone Developer";
				CURRENT_PROJECT_VERSION = 1;
				DEVELOPMENT_TEAM = "";
				INFOPLIST_FILE = Sources/Info.plist;
				LD_RUNPATH_SEARCH_PATHS = (
					"$(inherited)",
					"@executable_path/Frameworks",
				);
				MARKETING_VERSION = 0.1.0;
				PRODUCT_BUNDLE_IDENTIFIER = com.dcolinmorgan.herdi;
				SDKROOT = iphoneos;
				SWIFT_VERSION = 5.9;
				TARGETED_DEVICE_FAMILY = "1,2";
			};
			name = Debug;
		};
		6D81702BC2C7A5CCC6B4DC03 /* Release */ = {
			isa = XCBuildConfiguration;
			buildSettings = {
				ASSETCATALOG_COMPILER_APPICON_NAME = AppIcon;
				CODE_SIGN_IDENTITY = "iPhone Developer";
				CURRENT_PROJECT_VERSION = 1;
				DEVELOPMENT_TEAM = "";
				INFOPLIST_FILE = Sources/Info.plist;
				LD_RUNPATH_SEARCH_PATHS = (
					"$(inherited)",
					"@executable_path/Frameworks",
				);
				MARKETING_VERSION = 0.1.0;
				PRODUCT_BUNDLE_IDENTIFIER = com.dcolinmorgan.herdi;
				SDKROOT = iphoneos;
				SWIFT_VERSION = 5.9;
				TARGETED_DEVICE_FAMILY = "1,2";
			};
			name = Release;
		};
		766B45278F2F43968D3D7024 /* Release */ = {
			isa = XCBuildConfiguration;
			buildSettings = {
				ALWAYS_SEARCH_USER_PATHS = NO;
				CLANG_ANALYZER_NONNULL = YES;
				CLANG_ANALYZER_NUMBER_OBJECT_CONVERSION = YES_AGGRESSIVE;
				CLANG_CXX_LANGUAGE_STANDARD = "gnu++14";
				CLANG_CXX_LIBRARY = "libc++";
				CLANG_ENABLE_MODULES = YES;
				CLANG_ENABLE_OBJC_ARC = YES;
				CLANG_ENABLE_OBJC_WEAK = YES;
				CLANG_WARN_BLOCK_CAPTURE_AUTORELEASING = YES;
				CLANG_WARN_BOOL_CONVERSION = YES;
				CLANG_WARN_COMMA = YES;
				CLANG_WARN_CONSTANT_CONVERSION = YES;
				CLANG_WARN_DEPRECATED_OBJC_IMPLEMENTATIONS = YES;
				CLANG_WARN_DIRECT_OBJC_ISA_USAGE = YES_ERROR;
				CLANG_WARN_DOCUMENTATION_COMMENTS = YES;
				CLANG_WARN_EMPTY_BODY = YES;
				CLANG_WARN_ENUM_CONVERSION = YES;
				CLANG_WARN_INFINITE_RECURSION = YES;
				CLANG_WARN_INT_CONVERSION = YES;
				CLANG_WARN_NON_LITERAL_NULL_CONVERSION = YES;
				CLANG_WARN_OBJC_IMPLICIT_RETAIN_SELF = YES;
				CLANG_WARN_OBJC_LITERAL_CONVERSION = YES;
				CLANG_WARN_OBJC_ROOT_CLASS = YES_ERROR;
				CLANG_WARN_QUOTED_INCLUDE_IN_FRAMEWORK_HEADER = YES;
				CLANG_WARN_RANGE_LOOP_ANALYSIS = YES;
				CLANG_WARN_STRICT_PROTOTYPES = YES;
				CLANG_WARN_SUSPICIOUS_MOVE = YES;
				CLANG_WARN_UNGUARDED_AVAILABILITY = YES_AGGRESSIVE;
				CLANG_WARN_UNREACHABLE_CODE = YES;
				CLANG_WARN__DUPLICATE_METHOD_MATCH = YES;
				COPY_PHASE_STRIP = NO;
				DEBUG_INFORMATION_FORMAT = "dwarf-with-dsym";
				ENABLE_NS_ASSERTIONS = NO;
				ENABLE_STRICT_OBJC_MSGSEND = YES;
				GCC_C_LANGUAGE_STANDARD = gnu11;
				GCC_NO_COMMON_BLOCKS = YES;
				GCC_WARN_64_TO_32_BIT_CONVERSION = YES;
				GCC_WARN_ABOUT_RETURN_TYPE = YES_ERROR;
				GCC_WARN_UNDECLARED_SELECTOR = YES;
				GCC_WARN_UNINITIALIZED_AUTOS = YES_AGGRESSIVE;
				GCC_WARN_UNUSED_FUNCTION = YES;
				GCC_WARN_UNUSED_VARIABLE = YES;
				IPHONEOS_DEPLOYMENT_TARGET = 17.0;
				MTL_ENABLE_DEBUG_INFO = NO;
				MTL_FAST_MATH = YES;
				PRODUCT_NAME = "$(TARGET_NAME)";
				SDKROOT = iphoneos;
				SWIFT_COMPILATION_MODE = wholemodule;
				SWIFT_OPTIMIZATION_LEVEL = "-O";
				SWIFT_VERSION = 5.0;
			};
			name = Release;
		};
/* End XCBuildConfiguration section */

/* Begin XCConfigurationList section */
		AB5A6798762BB5AC51772127 /* Build configuration list for PBXNativeTarget "Herdi" */ = {
			isa = XCConfigurationList;
			buildConfigurations = (
				65994080AF7CB9671DAD277D /* Debug */,
				6D81702BC2C7A5CCC6B4DC03 /* Release */,
			);
			defaultConfigurationIsVisible = 0;
			defaultConfigurationName = Debug;
		};
		F5F5D8B7C61D3FAB724AF3E3 /* Build configuration list for PBXProject "Herdi" */ = {
			isa = XCConfigurationList;
			buildConfigurations = (
				23AB4CA2F0D9EB1A4248AF06 /* Debug */,
				766B45278F2F43968D3D7024 /* Release */,
			);
			defaultConfigurationIsVisible = 0;
			defaultConfigurationName = Debug;
		};
/* End XCConfigurationList section */
	};
	rootObject = 09153EE9F2F50234B35FCF73 /* Project object */;
}
